{
  "name": "koa-webpack-middlewares",
  "version": "1.0.0",
  "lockfileVersion": 1,
  "requires": true,
  "dependencies": {
    "ansi-colors": {
      "version": "3.2.4",
      "resolved": "http://r.tnpm.oa.com/ansi-colors/download/ansi-colors-3.2.4.tgz",
      "integrity": "sha1-46PaS/uubIapwoViXeEkojQCb78="
    },
    "ansi-html": {
      "version": "0.0.7",
      "resolved": "http://r.tnpm.oa.com/ansi-html/download/ansi-html-0.0.7.tgz",
      "integrity": "sha1-gTWEAhliqenm/QOflA0S9WynhZ4="
    },
    "ansi-regex": {
      "version": "2.1.1",
      "resolved": "http://r.tnpm.oa.com/ansi-regex/download/ansi-regex-2.1.1.tgz",
      "integrity": "sha1-w7M6te42DYbg5ijwRorn7yfWVN8="
    },
    "core-util-is": {
      "version": "1.0.2",
      "resolved": "http://r.tnpm.oa.com/core-util-is/download/core-util-is-1.0.2.tgz",
      "integrity": "sha1-tf1UIgqivFq1eqtxQMlAdUUDwac="
    },
    "cross-env": {
      "version": "5.2.0",
      "resolved": "http://r.tnpm.oa.com/cross-env/download/cross-env-5.2.0.tgz",
      "integrity": "sha1-bs1MAV1Xc+YUA57lKQdmabnRJvI=",
      "dev": true,
      "requires": {
        "cross-spawn": "^6.0.5",
        "is-windows": "^1.0.0"
      }
    },
    "cross-spawn": {
      "version": "6.0.5",
      "resolved": "http://r.tnpm.oa.com/cross-spawn/download/cross-spawn-6.0.5.tgz",
      "integrity": "sha1-Sl7Hxk364iw6FBJNus3uhG2Ay8Q=",
      "dev": true,
      "requires": {
        "nice-try": "^1.0.4",
        "path-key": "^2.0.1",
        "semver": "^5.5.0",
        "shebang-command": "^1.2.0",
        "which": "^1.2.9"
      }
    },
    "errno": {
      "version": "0.1.7",
      "resolved": "http://r.tnpm.oa.com/errno/download/errno-0.1.7.tgz",
      "integrity": "sha1-RoTXF3mtOa8Xfj8AeZb3xnyFJhg=",
      "requires": {
        "prr": "~1.0.1"
      }
    },
    "html-entities": {
      "version": "1.2.1",
      "resolved": "http://r.tnpm.oa.com/html-entities/download/html-entities-1.2.1.tgz",
      "integrity": "sha1-DfKTUfByEWNRXfueVUPl9u7VFi8="
    },
    "inherits": {
      "version": "2.0.4",
      "resolved": "http://r.tnpm.oa.com/inherits/download/inherits-2.0.4.tgz",
      "integrity": "sha1-D6LGT5MpF8NDOg3tVTY6rjdBa3w="
    },
    "is-windows": {
      "version": "1.0.2",
      "resolved": "http://r.tnpm.oa.com/is-windows/download/is-windows-1.0.2.tgz",
      "integrity": "sha1-0YUOuXkezRjmGCzhKjDzlmNLsZ0=",
      "dev": true
    },
    "isarray": {
      "version": "1.0.0",
      "resolved": "http://r.tnpm.oa.com/isarray/download/isarray-1.0.0.tgz",
      "integrity": "sha1-u5NdSFgsuhaMBoNJV6VKPgcSTxE="
    },
    "isexe": {
      "version": "2.0.0",
      "resolved": "http://r.tnpm.oa.com/isexe/download/isexe-2.0.0.tgz",
      "integrity": "sha1-6PvzdNxVb/iUehDcsFctYz8s+hA=",
      "dev": true
    },
    "memory-fs": {
      "version": "0.4.1",
      "resolved": "http://r.tnpm.oa.com/memory-fs/download/memory-fs-0.4.1.tgz",
      "integrity": "sha1-OpoguEYlI+RHz7x+i7gO1me/xVI=",
      "requires": {
        "errno": "^0.1.3",
        "readable-stream": "^2.0.1"
      }
    },
    "mime": {
      "version": "2.4.4",
      "resolved": "http://r.tnpm.oa.com/mime/download/mime-2.4.4.tgz",
      "integrity": "sha1-vXuRE1/GsBzePpuuM9ZZtj2IV+U="
    },
    "nice-try": {
      "version": "1.0.5",
      "resolved": "http://r.tnpm.oa.com/nice-try/download/nice-try-1.0.5.tgz",
      "integrity": "sha1-ozeKdpbOfSI+iPybdkvX7xCJ42Y=",
      "dev": true
    },
    "path-key": {
      "version": "2.0.1",
      "resolved": "http://r.tnpm.oa.com/path-key/download/path-key-2.0.1.tgz",
      "integrity": "sha1-QRyttXTFoUDTpLGRDUDYDMn0C0A=",
      "dev": true
    },
    "process-nextick-args": {
      "version": "2.0.1",
      "resolved": "http://r.tnpm.oa.com/process-nextick-args/download/process-nextick-args-2.0.1.tgz",
      "integrity": "sha1-eCDZsWEgzFXKmud5JoCufbptf+I="
    },
    "prr": {
      "version": "1.0.1",
      "resolved": "http://r.tnpm.oa.com/prr/download/prr-1.0.1.tgz",
      "integrity": "sha1-0/wRS6BplaRexok/SEzrHXj19HY="
    },
    "querystring": {
      "version": "0.2.0",
      "resolved": "http://r.tnpm.oa.com/querystring/download/querystring-0.2.0.tgz",
      "integrity": "sha1-sgmEkgO7Jd+CDadW50cAWHhSFiA="
    },
    "range-parser": {
      "version": "1.2.1",
      "resolved": "http://r.tnpm.oa.com/range-parser/download/range-parser-1.2.1.tgz",
      "integrity": "sha1-PPNwI9GZ4cJNGlW4SADC8+ZGgDE="
    },
    "readable-stream": {
      "version": "2.3.6",
      "resolved": "http://r.tnpm.oa.com/readable-stream/download/readable-stream-2.3.6.tgz",
      "integrity": "sha1-sRwn2IuP8fvgcGQ8+UsMea4bCq8=",
      "requires": {
        "core-util-is": "~1.0.0",
        "inherits": "~2.0.3",
        "isarray": "~1.0.0",
        "process-nextick-args": "~2.0.0",
        "safe-buffer": "~5.1.1",
        "string_decoder": "~1.1.1",
        "util-deprecate": "~1.0.1"
      }
    },
    "safe-buffer": {
      "version": "5.1.2",
      "resolved": "http://r.tnpm.oa.com/safe-buffer/download/safe-buffer-5.1.2.tgz",
      "integrity": "sha1-mR7GnSluAxN0fVm9/St0XDX4go0="
    },
    "semver": {
      "version": "5.7.0",
      "resolved": "http://r.tnpm.oa.com/semver/download/semver-5.7.0.tgz",
      "integrity": "sha1-eQp89v6lRZuslhELKbYEEtyP+Ws=",
      "dev": true
    },
    "shebang-command": {
      "version": "1.2.0",
      "resolved": "http://r.tnpm.oa.com/shebang-command/download/shebang-command-1.2.0.tgz",
      "integrity": "sha1-RKrGW2lbAzmJaMOfNj/uXer98eo=",
      "dev": true,
      "requires": {
        "shebang-regex": "^1.0.0"
      }
    },
    "shebang-regex": {
      "version": "1.0.0",
      "resolved": "http://r.tnpm.oa.com/shebang-regex/download/shebang-regex-1.0.0.tgz",
      "integrity": "sha1-2kL0l0DAtC2yypcoVxyxkMmO/qM=",
      "dev": true
    },
    "string_decoder": {
      "version": "1.1.1",
      "resolved": "http://r.tnpm.oa.com/string_decoder/download/string_decoder-1.1.1.tgz",
      "integrity": "sha1-nPFhG6YmhdcDCunkujQUnDrwP8g=",
      "requires": {
        "safe-buffer": "~5.1.0"
      }
    },
    "strip-ansi": {
      "version": "3.0.1",
      "resolved": "http://r.tnpm.oa.com/strip-ansi/download/strip-ansi-3.0.1.tgz",
      "integrity": "sha1-ajhfuIU9lS1f8F0Oiq+UJ43GPc8=",
      "requires": {
        "ansi-regex": "^2.0.0"
      }
    },
    "util-deprecate": {
      "version": "1.0.2",
      "resolved": "http://r.tnpm.oa.com/util-deprecate/download/util-deprecate-1.0.2.tgz",
      "integrity": "sha1-RQ1Nyfpw3nMnYvvS1KKJgUGaDM8="
    },
    "uuid": {
      "version": "3.3.2",
      "resolved": "http://r.tnpm.oa.com/uuid/download/uuid-3.3.2.tgz",
      "integrity": "sha1-G0r0lV6zB3xQHCOHL8ZROBFYcTE="
    },
    "webpack-dev-middleware": {
      "version": "3.7.0",
      "resolved": "http://r.tnpm.oa.com/webpack-dev-middleware/download/webpack-dev-middleware-3.7.0.tgz",
      "integrity": "sha1-73UdJfTppcijXaYAxf2jWCtcbP8=",
      "requires": {
        "memory-fs": "^0.4.1",
        "mime": "^2.4.2",
        "range-parser": "^1.2.1",
        "webpack-log": "^2.0.0"
      }
    },
    "webpack-hot-middleware": {
      "version": "2.25.0",
      "resolved": "http://r.tnpm.oa.com/webpack-hot-middleware/download/webpack-hot-middleware-2.25.0.tgz",
      "integrity": "sha1-RSigpj7Df4+O9WXPnlNNV9Cf5wY=",
      "requires": {
        "ansi-html": "0.0.7",
        "html-entities": "^1.2.0",
        "querystring": "^0.2.0",
        "strip-ansi": "^3.0.0"
      }
    },
    "webpack-log": {
      "version": "2.0.0",
      "resolved": "http://r.tnpm.oa.com/webpack-log/download/webpack-log-2.0.0.tgz",
      "integrity": "sha1-W3ko4GN1k/EZ0y9iJ8HgrDHhtH8=",
      "requires": {
        "ansi-colors": "^3.0.0",
        "uuid": "^3.3.2"
      }
    },
    "which": {
      "version": "1.3.1",
      "resolved": "http://r.tnpm.oa.com/which/download/which-1.3.1.tgz",
      "integrity": "sha1-pFBD1U9YBTFtqNYvn1CRjT2nCwo=",
      "dev": true,
      "requires": {
        "isexe": "^2.0.0"
      }
    }
  }
}
